
Microsoft Visual Studio Solution File, Format Version 12.00
# Visual Studio Version 17
VisualStudioVersion = 17.6.33801.468
MinimumVisualStudioVersion = 10.0.40219.1
Project("{FAE04EC0-301F-11D3-BF4B-00C04F79EFBC}") = "pis", "pis.csproj", "{72511A1A-1160-4AEB-BE9F-1CEFF5EB4C09}"
EndProject
Global
	GlobalSection(SolutionConfigurationPlatforms) = preSolution
		Debug|Any CPU = Debug|Any CPU
		Release|Any CPU = Release|Any CPU
	EndGlobalSection
	GlobalSection(ProjectConfigurationPlatforms) = postSolution
		{72511A1A-1160-4AEB-BE9F-1CEFF5EB4C09}.Debug|Any CPU.ActiveCfg = Debug|Any CPU
		{72511A1A-1160-4AEB-BE9F-1CEFF5EB4C09}.Debug|Any CPU.Build.0 = Debug|Any CPU
		{72511A1A-1160-4AEB-BE9F-1CEFF5EB4C09}.Release|Any CPU.ActiveCfg = Release|Any CPU
		{72511A1A-1160-4AEB-BE9F-1CEFF5EB4C09}.Release|Any CPU.Build.0 = Release|Any CPU
	EndGlobalSection
	GlobalSection(SolutionProperties) = preSolution
		HideSolutionNode = FALSE
	EndGlobalSection
	GlobalSection(ExtensibilityGlobals) = postSolution
		SolutionGuid = {6D1936A5-E34E-470F-A992-38998EA73FCE}
	EndGlobalSection
EndGlobal
